
Microsoft Visual Studio Solution File, Format Version 12.00
# Visual Studio Version 17
VisualStudioVersion = 17.13.35828.75 d17.13
MinimumVisualStudioVersion = 10.0.40219.1
Project("{FAE04EC0-301F-11D3-BF4B-00C04F79EFBC}") = "EmployeeManager", "EmployeeManager\EmployeeManager.csproj", "{CC3DA44A-2250-4836-8886-A98EDD94AA7D}"
EndProject
Global
	GlobalSection(SolutionConfigurationPlatforms) = preSolution
		Debug|Any CPU = Debug|Any CPU
		Release|Any CPU = Release|Any CPU
	EndGlobalSection
	GlobalSection(ProjectConfigurationPlatforms) = postSolution
		{CC3DA44A-2250-4836-8886-A98EDD94AA7D}.Debug|Any CPU.ActiveCfg = Debug|Any CPU
		{CC3DA44A-2250-4836-8886-A98EDD94AA7D}.Debug|Any CPU.Build.0 = Debug|Any CPU
		{CC3DA44A-2250-4836-8886-A98EDD94AA7D}.Release|Any CPU.ActiveCfg = Release|Any CPU
		{CC3DA44A-2250-4836-8886-A98EDD94AA7D}.Release|Any CPU.Build.0 = Release|Any CPU
	EndGlobalSection
	GlobalSection(SolutionProperties) = preSolution
		HideSolutionNode = FALSE
	EndGlobalSection
	GlobalSection(ExtensibilityGlobals) = postSolution
		SolutionGuid = {999A72F9-1624-4700-9C0A-FC03A347FF36}
	EndGlobalSection
EndGlobal
